
Microsoft Visual Studio Solution File, Format Version 12.00
# Visual Studio 2013
VisualStudioVersion = 12.0.30324.0
MinimumVisualStudioVersion = 10.0.40219.1
Project("{FAE04EC0-301F-11D3-BF4B-00C04F79EFBC}") = "01-MEAN", "01-MEAN\01-MEAN.csproj", "{7A6CCE68-FB38-4BD0-868A-4AE46F197225}"
EndProject
Project("{FAE04EC0-301F-11D3-BF4B-00C04F79EFBC}") = "02-Windows8", "02-Windows8\02-Windows8.csproj", "{F4868FE6-3B47-4512-8CDB-5C8F5D91F5B1}"
EndProject
Global
	GlobalSection(SolutionConfigurationPlatforms) = preSolution
		Debug|Any CPU = Debug|Any CPU
		Release|Any CPU = Release|Any CPU
	EndGlobalSection
	GlobalSection(ProjectConfigurationPlatforms) = postSolution
		{7A6CCE68-FB38-4BD0-868A-4AE46F197225}.Debug|Any CPU.ActiveCfg = Debug|Any CPU
		{7A6CCE68-FB38-4BD0-868A-4AE46F197225}.Debug|Any CPU.Build.0 = Debug|Any CPU
		{7A6CCE68-FB38-4BD0-868A-4AE46F197225}.Release|Any CPU.ActiveCfg = Release|Any CPU
		{7A6CCE68-FB38-4BD0-868A-4AE46F197225}.Release|Any CPU.Build.0 = Release|Any CPU
		{F4868FE6-3B47-4512-8CDB-5C8F5D91F5B1}.Debug|Any CPU.ActiveCfg = Debug|Any CPU
		{F4868FE6-3B47-4512-8CDB-5C8F5D91F5B1}.Debug|Any CPU.Build.0 = Debug|Any CPU
		{F4868FE6-3B47-4512-8CDB-5C8F5D91F5B1}.Release|Any CPU.ActiveCfg = Release|Any CPU
		{F4868FE6-3B47-4512-8CDB-5C8F5D91F5B1}.Release|Any CPU.Build.0 = Release|Any CPU
	EndGlobalSection
	GlobalSection(SolutionProperties) = preSolution
		HideSolutionNode = FALSE
	EndGlobalSection
EndGlobal
