
Microsoft Visual Studio Solution File, Format Version 12.00
# Visual Studio 2013
VisualStudioVersion = 12.0.30324.0
MinimumVisualStudioVersion = 10.0.40219.1
Project("{FAE04EC0-301F-11D3-BF4B-00C04F79EFBC}") = "Task2-JQuery", "Task2-JQuery\Task2-JQuery.csproj", "{455A9B02-B86C-4D83-8E4F-C310DE4FF795}"
EndProject
Project("{FAE04EC0-301F-11D3-BF4B-00C04F79EFBC}") = "Task3-Handlebars", "Task3-Handlebars\Task3-Handlebars.csproj", "{9C1476AD-206C-4BD8-A91F-0A442ADE1A17}"
EndProject
Project("{FAE04EC0-301F-11D3-BF4B-00C04F79EFBC}") = "Task1-WebControl", "Task1-WebControl\Task1-WebControl.csproj", "{BCB77272-EED5-40AA-96D8-02132FA3DF69}"
EndProject
Global
	GlobalSection(SolutionConfigurationPlatforms) = preSolution
		Debug|Any CPU = Debug|Any CPU
		Release|Any CPU = Release|Any CPU
	EndGlobalSection
	GlobalSection(ProjectConfigurationPlatforms) = postSolution
		{455A9B02-B86C-4D83-8E4F-C310DE4FF795}.Debug|Any CPU.ActiveCfg = Debug|Any CPU
		{455A9B02-B86C-4D83-8E4F-C310DE4FF795}.Debug|Any CPU.Build.0 = Debug|Any CPU
		{455A9B02-B86C-4D83-8E4F-C310DE4FF795}.Release|Any CPU.ActiveCfg = Release|Any CPU
		{455A9B02-B86C-4D83-8E4F-C310DE4FF795}.Release|Any CPU.Build.0 = Release|Any CPU
		{9C1476AD-206C-4BD8-A91F-0A442ADE1A17}.Debug|Any CPU.ActiveCfg = Debug|Any CPU
		{9C1476AD-206C-4BD8-A91F-0A442ADE1A17}.Debug|Any CPU.Build.0 = Debug|Any CPU
		{9C1476AD-206C-4BD8-A91F-0A442ADE1A17}.Release|Any CPU.ActiveCfg = Release|Any CPU
		{9C1476AD-206C-4BD8-A91F-0A442ADE1A17}.Release|Any CPU.Build.0 = Release|Any CPU
		{BCB77272-EED5-40AA-96D8-02132FA3DF69}.Debug|Any CPU.ActiveCfg = Debug|Any CPU
		{BCB77272-EED5-40AA-96D8-02132FA3DF69}.Debug|Any CPU.Build.0 = Debug|Any CPU
		{BCB77272-EED5-40AA-96D8-02132FA3DF69}.Release|Any CPU.ActiveCfg = Release|Any CPU
		{BCB77272-EED5-40AA-96D8-02132FA3DF69}.Release|Any CPU.Build.0 = Release|Any CPU
	EndGlobalSection
	GlobalSection(SolutionProperties) = preSolution
		HideSolutionNode = FALSE
	EndGlobalSection
EndGlobal
