
Microsoft Visual Studio Solution File, Format Version 12.00
# Visual Studio 2013
VisualStudioVersion = 12.0.30324.0
MinimumVisualStudioVersion = 10.0.40219.1
Project("{FAE04EC0-301F-11D3-BF4B-00C04F79EFBC}") = "01-DrawingShapes", "01-DrawingShapes\01-DrawingShapes.csproj", "{BB413E5F-0507-459F-A844-741236DE8602}"
EndProject
Project("{FAE04EC0-301F-11D3-BF4B-00C04F79EFBC}") = "02-Ball", "02-Ball\02-Ball.csproj", "{08E183E8-C502-4F27-85BE-7550EFD04C28}"
EndProject
Global
	GlobalSection(SolutionConfigurationPlatforms) = preSolution
		Debug|Any CPU = Debug|Any CPU
		Release|Any CPU = Release|Any CPU
	EndGlobalSection
	GlobalSection(ProjectConfigurationPlatforms) = postSolution
		{BB413E5F-0507-459F-A844-741236DE8602}.Debug|Any CPU.ActiveCfg = Debug|Any CPU
		{BB413E5F-0507-459F-A844-741236DE8602}.Debug|Any CPU.Build.0 = Debug|Any CPU
		{BB413E5F-0507-459F-A844-741236DE8602}.Release|Any CPU.ActiveCfg = Release|Any CPU
		{BB413E5F-0507-459F-A844-741236DE8602}.Release|Any CPU.Build.0 = Release|Any CPU
		{08E183E8-C502-4F27-85BE-7550EFD04C28}.Debug|Any CPU.ActiveCfg = Debug|Any CPU
		{08E183E8-C502-4F27-85BE-7550EFD04C28}.Debug|Any CPU.Build.0 = Debug|Any CPU
		{08E183E8-C502-4F27-85BE-7550EFD04C28}.Release|Any CPU.ActiveCfg = Release|Any CPU
		{08E183E8-C502-4F27-85BE-7550EFD04C28}.Release|Any CPU.Build.0 = Release|Any CPU
	EndGlobalSection
	GlobalSection(SolutionProperties) = preSolution
		HideSolutionNode = FALSE
	EndGlobalSection
EndGlobal
